// !$*UTF8*$!
{
	archiveVersion = 1;
	classes = {
	};
	objectVersion = 54;
	objects = {

/* Begin PBXBuildFile section */
		13B07FBC1A68108700A75B9A /* AppDelegate.mm in Sources */ = {isa = PBXBuildFile; fileRef = 13B07FB01A68108700A75B9A /* AppDelegate.mm */; };
		13B07FBF1A68108700A75B9A /* Images.xcassets in Resources */ = {isa = PBXBuildFile; fileRef = 13B07FB51A68108700A75B9A /* Images.xcassets */; };
		13B07FC11A68108700A75B9A /* main.m in Sources */ = {isa = PBXBuildFile; fileRef = 13B07FB71A68108700A75B9A /* main.m */; };
		1844BA4BA33B4F5C9AEF55C8 /* Poppins-BlackItalic.ttf in Resources */ = {isa = PBXBuildFile; fileRef = 2A8926E54A464E20B84BE39D /* Poppins-BlackItalic.ttf */; };
		1C3EF0C0170A44EFA79B559A /* Poppins-ExtraLightItalic.ttf in Resources */ = {isa = PBXBuildFile; fileRef = 4EC996FD56074331A2658A5E /* Poppins-ExtraLightItalic.ttf */; };
		1D6623A28CA64DF397FF6B0E /* Poppins-MediumItalic.ttf in Resources */ = {isa = PBXBuildFile; fileRef = 1EA1992B420244E09DC5A97F /* Poppins-MediumItalic.ttf */; };
		210B25FC6C63BE3D1CF0E7DE /* libPods-starter-development.a in Frameworks */ = {isa = PBXBuildFile; fileRef = CB08DCCAAD1933C310BE60AA /* libPods-starter-development.a */; };
		25B73CD378B44CE1A552B458 /* Poppins-SemiBoldItalic.ttf in Resources */ = {isa = PBXBuildFile; fileRef = ADDFA48FF3994956A1D0696C /* Poppins-SemiBoldItalic.ttf */; };
		2FC48261ED684731BDD96F72 /* Poppins-SemiBold.ttf in Resources */ = {isa = PBXBuildFile; fileRef = 66A8D7BE0F1944768C9E44B6 /* Poppins-SemiBold.ttf */; };
		30862F6F3DEB4D8299B62088 /* Poppins-LightItalic.ttf in Resources */ = {isa = PBXBuildFile; fileRef = E972637393A04E279EA8D78E /* Poppins-LightItalic.ttf */; };
		368492D0B1074F50AD30D682 /* Poppins-Light.ttf in Resources */ = {isa = PBXBuildFile; fileRef = AA2ED814FA174001AA897302 /* Poppins-Light.ttf */; };
		3D11A0C2287AA754002B081D /* Poppins-MediumItalic.ttf in Resources */ = {isa = PBXBuildFile; fileRef = 1EA1992B420244E09DC5A97F /* Poppins-MediumItalic.ttf */; };
		3D11A0C3287AA754002B081D /* Poppins-ThinItalic.ttf in Resources */ = {isa = PBXBuildFile; fileRef = 89353D3AE8454914AA3DA516 /* Poppins-ThinItalic.ttf */; };
		3D11A0C4287AA754002B081D /* Poppins-SemiBold.ttf in Resources */ = {isa = PBXBuildFile; fileRef = 66A8D7BE0F1944768C9E44B6 /* Poppins-SemiBold.ttf */; };
		3D11A0C5287AA754002B081D /* Poppins-BlackItalic.ttf in Resources */ = {isa = PBXBuildFile; fileRef = 2A8926E54A464E20B84BE39D /* Poppins-BlackItalic.ttf */; };
		3D11A0C6287AA754002B081D /* Poppins-Medium.ttf in Resources */ = {isa = PBXBuildFile; fileRef = C674A4B2CC094EA49398FF96 /* Poppins-Medium.ttf */; };
		3D11A0C7287AA754002B081D /* Poppins-Regular.ttf in Resources */ = {isa = PBXBuildFile; fileRef = E2442C87CF3848638B2237AC /* Poppins-Regular.ttf */; };
		3D11A0C8287AA754002B081D /* Poppins-BoldItalic.ttf in Resources */ = {isa = PBXBuildFile; fileRef = 4E58B449A9464EEFBA15654E /* Poppins-BoldItalic.ttf */; };
		3D11A0C9287AA754002B081D /* Poppins-Italic.ttf in Resources */ = {isa = PBXBuildFile; fileRef = 3393BDBA2A3D4DFF83B9C29B /* Poppins-Italic.ttf */; };
		3D11A0CA287AA754002B081D /* Poppins-Light.ttf in Resources */ = {isa = PBXBuildFile; fileRef = AA2ED814FA174001AA897302 /* Poppins-Light.ttf */; };
		3D11A0CB287AA754002B081D /* Poppins-Thin.ttf in Resources */ = {isa = PBXBuildFile; fileRef = 68C84C17D4BE459D9F2B371A /* Poppins-Thin.ttf */; };
		3D11A0CC287AA754002B081D /* Poppins-ExtraLightItalic.ttf in Resources */ = {isa = PBXBuildFile; fileRef = 4EC996FD56074331A2658A5E /* Poppins-ExtraLightItalic.ttf */; };
		3D11A0CD287AA754002B081D /* Poppins-ExtraBoldItalic.ttf in Resources */ = {isa = PBXBuildFile; fileRef = C39A38CECFCC45E491D6E3EA /* Poppins-ExtraBoldItalic.ttf */; };
		3D11A0CE287AA754002B081D /* Poppins-Black.ttf in Resources */ = {isa = PBXBuildFile; fileRef = FC9961C434E44B4B96D31BFE /* Poppins-Black.ttf */; };
		3D11A0CF287AA754002B081D /* Poppins-ExtraBold.ttf in Resources */ = {isa = PBXBuildFile; fileRef = 080AB7EC1C0A44E78C03A85C /* Poppins-ExtraBold.ttf */; };
		3D11A0D0287AA754002B081D /* Poppins-LightItalic.ttf in Resources */ = {isa = PBXBuildFile; fileRef = E972637393A04E279EA8D78E /* Poppins-LightItalic.ttf */; };
		3D11A0D1287AA754002B081D /* Poppins-SemiBoldItalic.ttf in Resources */ = {isa = PBXBuildFile; fileRef = ADDFA48FF3994956A1D0696C /* Poppins-SemiBoldItalic.ttf */; };
		3D11A0D2287AA754002B081D /* Poppins-Bold.ttf in Resources */ = {isa = PBXBuildFile; fileRef = 88D09811C1634DDE82569AF9 /* Poppins-Bold.ttf */; };
		3D11A0D3287AA754002B081D /* Poppins-ExtraLight.ttf in Resources */ = {isa = PBXBuildFile; fileRef = 46B766D38A6A4D29894715C2 /* Poppins-ExtraLight.ttf */; };
		3D11A0D4287AA755002B081D /* Poppins-MediumItalic.ttf in Resources */ = {isa = PBXBuildFile; fileRef = 1EA1992B420244E09DC5A97F /* Poppins-MediumItalic.ttf */; };
		3D11A0D5287AA755002B081D /* Poppins-ThinItalic.ttf in Resources */ = {isa = PBXBuildFile; fileRef = 89353D3AE8454914AA3DA516 /* Poppins-ThinItalic.ttf */; };
		3D11A0D6287AA755002B081D /* Poppins-SemiBold.ttf in Resources */ = {isa = PBXBuildFile; fileRef = 66A8D7BE0F1944768C9E44B6 /* Poppins-SemiBold.ttf */; };
		3D11A0D7287AA755002B081D /* Poppins-BlackItalic.ttf in Resources */ = {isa = PBXBuildFile; fileRef = 2A8926E54A464E20B84BE39D /* Poppins-BlackItalic.ttf */; };
		3D11A0D8287AA755002B081D /* Poppins-Medium.ttf in Resources */ = {isa = PBXBuildFile; fileRef = C674A4B2CC094EA49398FF96 /* Poppins-Medium.ttf */; };
		3D11A0D9287AA755002B081D /* Poppins-Regular.ttf in Resources */ = {isa = PBXBuildFile; fileRef = E2442C87CF3848638B2237AC /* Poppins-Regular.ttf */; };
		3D11A0DA287AA755002B081D /* Poppins-BoldItalic.ttf in Resources */ = {isa = PBXBuildFile; fileRef = 4E58B449A9464EEFBA15654E /* Poppins-BoldItalic.ttf */; };
		3D11A0DB287AA755002B081D /* Poppins-Italic.ttf in Resources */ = {isa = PBXBuildFile; fileRef = 3393BDBA2A3D4DFF83B9C29B /* Poppins-Italic.ttf */; };
		3D11A0DC287AA755002B081D /* Poppins-Light.ttf in Resources */ = {isa = PBXBuildFile; fileRef = AA2ED814FA174001AA897302 /* Poppins-Light.ttf */; };
		3D11A0DD287AA755002B081D /* Poppins-Thin.ttf in Resources */ = {isa = PBXBuildFile; fileRef = 68C84C17D4BE459D9F2B371A /* Poppins-Thin.ttf */; };
		3D11A0DE287AA755002B081D /* Poppins-ExtraLightItalic.ttf in Resources */ = {isa = PBXBuildFile; fileRef = 4EC996FD56074331A2658A5E /* Poppins-ExtraLightItalic.ttf */; };
		3D11A0DF287AA755002B081D /* Poppins-ExtraBoldItalic.ttf in Resources */ = {isa = PBXBuildFile; fileRef = C39A38CECFCC45E491D6E3EA /* Poppins-ExtraBoldItalic.ttf */; };
		3D11A0E0287AA755002B081D /* Poppins-Black.ttf in Resources */ = {isa = PBXBuildFile; fileRef = FC9961C434E44B4B96D31BFE /* Poppins-Black.ttf */; };
		3D11A0E1287AA755002B081D /* Poppins-ExtraBold.ttf in Resources */ = {isa = PBXBuildFile; fileRef = 080AB7EC1C0A44E78C03A85C /* Poppins-ExtraBold.ttf */; };
		3D11A0E2287AA755002B081D /* Poppins-LightItalic.ttf in Resources */ = {isa = PBXBuildFile; fileRef = E972637393A04E279EA8D78E /* Poppins-LightItalic.ttf */; };
		3D11A0E3287AA755002B081D /* Poppins-SemiBoldItalic.ttf in Resources */ = {isa = PBXBuildFile; fileRef = ADDFA48FF3994956A1D0696C /* Poppins-SemiBoldItalic.ttf */; };
		3D11A0E4287AA755002B081D /* Poppins-Bold.ttf in Resources */ = {isa = PBXBuildFile; fileRef = 88D09811C1634DDE82569AF9 /* Poppins-Bold.ttf */; };
		3D11A0E5287AA755002B081D /* Poppins-ExtraLight.ttf in Resources */ = {isa = PBXBuildFile; fileRef = 46B766D38A6A4D29894715C2 /* Poppins-ExtraLight.ttf */; };
		3D75675928714760009F18B1 /* BootSplash.storyboard in Resources */ = {isa = PBXBuildFile; fileRef = 3D7567582871475F009F18B1 /* BootSplash.storyboard */; };
		3DD9643A287748D400F3E21A /* AppDelegate.mm in Sources */ = {isa = PBXBuildFile; fileRef = 13B07FB01A68108700A75B9A /* AppDelegate.mm */; };
		3DD9643B287748D400F3E21A /* main.m in Sources */ = {isa = PBXBuildFile; fileRef = 13B07FB71A68108700A75B9A /* main.m */; };
		3DD9643F287748D400F3E21A /* BootSplash.storyboard in Resources */ = {isa = PBXBuildFile; fileRef = 3D7567582871475F009F18B1 /* BootSplash.storyboard */; };
		3DD96440287748D400F3E21A /* LaunchScreen.storyboard in Resources */ = {isa = PBXBuildFile; fileRef = 81AB9BB72411601600AC10FF /* LaunchScreen.storyboard */; };
		3DD96441287748D400F3E21A /* Images.xcassets in Resources */ = {isa = PBXBuildFile; fileRef = 13B07FB51A68108700A75B9A /* Images.xcassets */; };
		3DD96452287748E600F3E21A /* AppDelegate.mm in Sources */ = {isa = PBXBuildFile; fileRef = 13B07FB01A68108700A75B9A /* AppDelegate.mm */; };
		3DD96453287748E600F3E21A /* main.m in Sources */ = {isa = PBXBuildFile; fileRef = 13B07FB71A68108700A75B9A /* main.m */; };
		3DD96457287748E600F3E21A /* BootSplash.storyboard in Resources */ = {isa = PBXBuildFile; fileRef = 3D7567582871475F009F18B1 /* BootSplash.storyboard */; };
		3DD96458287748E600F3E21A /* LaunchScreen.storyboard in Resources */ = {isa = PBXBuildFile; fileRef = 81AB9BB72411601600AC10FF /* LaunchScreen.storyboard */; };
		3DD96459287748E600F3E21A /* Images.xcassets in Resources */ = {isa = PBXBuildFile; fileRef = 13B07FB51A68108700A75B9A /* Images.xcassets */; };
		3F2E68E9FE694310B0C70970 /* Poppins-ExtraBoldItalic.ttf in Resources */ = {isa = PBXBuildFile; fileRef = C39A38CECFCC45E491D6E3EA /* Poppins-ExtraBoldItalic.ttf */; };
		4C2EA62F539A470C8738BBA1 /* Poppins-BoldItalic.ttf in Resources */ = {isa = PBXBuildFile; fileRef = 4E58B449A9464EEFBA15654E /* Poppins-BoldItalic.ttf */; };
		4F715556E15F9610D36F7CB4 /* libPods-starter-staging.a in Frameworks */ = {isa = PBXBuildFile; fileRef = AFC23D8DB7004BE644CC771A /* libPods-starter-staging.a */; };
		6099DBB56F8E477DB2CE70CD /* Poppins-ExtraBold.ttf in Resources */ = {isa = PBXBuildFile; fileRef = 080AB7EC1C0A44E78C03A85C /* Poppins-ExtraBold.ttf */; };
		6D92C0EA19564AE58E427C8D /* Poppins-ThinItalic.ttf in Resources */ = {isa = PBXBuildFile; fileRef = 89353D3AE8454914AA3DA516 /* Poppins-ThinItalic.ttf */; };
		789C0DE01D7F4D458282EB2A /* Poppins-Black.ttf in Resources */ = {isa = PBXBuildFile; fileRef = FC9961C434E44B4B96D31BFE /* Poppins-Black.ttf */; };
		7D26C3746A044190ABD1A4D9 /* Poppins-Bold.ttf in Resources */ = {isa = PBXBuildFile; fileRef = 88D09811C1634DDE82569AF9 /* Poppins-Bold.ttf */; };
		810401AAD8B6B7FD668E0BA3 /* libPods-starter-production.a in Frameworks */ = {isa = PBXBuildFile; fileRef = 0FDBBE1E7A276114BE3FC000 /* libPods-starter-production.a */; };
		81AB9BB82411601600AC10FF /* LaunchScreen.storyboard in Resources */ = {isa = PBXBuildFile; fileRef = 81AB9BB72411601600AC10FF /* LaunchScreen.storyboard */; };
		CE87562014564EB8AF5EC011 /* Poppins-Medium.ttf in Resources */ = {isa = PBXBuildFile; fileRef = C674A4B2CC094EA49398FF96 /* Poppins-Medium.ttf */; };
		E5B53D2DA26C4A1E99DF9E9F /* Poppins-Italic.ttf in Resources */ = {isa = PBXBuildFile; fileRef = 3393BDBA2A3D4DFF83B9C29B /* Poppins-Italic.ttf */; };
		EFE1EDBB898844CCBAE73D94 /* Poppins-Thin.ttf in Resources */ = {isa = PBXBuildFile; fileRef = 68C84C17D4BE459D9F2B371A /* Poppins-Thin.ttf */; };
		FF694D2AA4FF40F7AA19AD01 /* Poppins-Regular.ttf in Resources */ = {isa = PBXBuildFile; fileRef = E2442C87CF3848638B2237AC /* Poppins-Regular.ttf */; };
		FFAE42FCD3AE43BCB1B55A1D /* Poppins-ExtraLight.ttf in Resources */ = {isa = PBXBuildFile; fileRef = 46B766D38A6A4D29894715C2 /* Poppins-ExtraLight.ttf */; };
/* End PBXBuildFile section */

/* Begin PBXFileReference section */
		00E356F11AD99517003FC87E /* Info.plist */ = {isa = PBXFileReference; lastKnownFileType = text.plist.xml; path = Info.plist; sourceTree = "<group>"; };
		00E356F21AD99517003FC87E /* starterTests.m */ = {isa = PBXFileReference; lastKnownFileType = sourcecode.c.objc; path = starterTests.m; sourceTree = "<group>"; };
		080AB7EC1C0A44E78C03A85C /* Poppins-ExtraBold.ttf */ = {isa = PBXFileReference; explicitFileType = undefined; fileEncoding = 9; includeInIndex = 0; lastKnownFileType = unknown; name = "Poppins-ExtraBold.ttf"; path = "../src/assets/fonts/Poppins-ExtraBold.ttf"; sourceTree = "<group>"; };
		08CE7C7E92D7A00F5CBB2B49 /* Pods-starter-production.debug.xcconfig */ = {isa = PBXFileReference; includeInIndex = 1; lastKnownFileType = text.xcconfig; name = "Pods-starter-production.debug.xcconfig"; path = "Target Support Files/Pods-starter-production/Pods-starter-production.debug.xcconfig"; sourceTree = "<group>"; };
		0FDBBE1E7A276114BE3FC000 /* libPods-starter-production.a */ = {isa = PBXFileReference; explicitFileType = archive.ar; includeInIndex = 0; path = "libPods-starter-production.a"; sourceTree = BUILT_PRODUCTS_DIR; };
		13B07F961A680F5B00A75B9A /* starter.app */ = {isa = PBXFileReference; explicitFileType = wrapper.application; includeInIndex = 0; path = starter.app; sourceTree = BUILT_PRODUCTS_DIR; };
		13B07FAF1A68108700A75B9A /* AppDelegate.h */ = {isa = PBXFileReference; fileEncoding = 4; lastKnownFileType = sourcecode.c.h; name = AppDelegate.h; path = starter/AppDelegate.h; sourceTree = "<group>"; };
		13B07FB01A68108700A75B9A /* AppDelegate.mm */ = {isa = PBXFileReference; fileEncoding = 4; lastKnownFileType = sourcecode.cpp.objcpp; name = AppDelegate.mm; path = starter/AppDelegate.mm; sourceTree = "<group>"; };
		13B07FB51A68108700A75B9A /* Images.xcassets */ = {isa = PBXFileReference; lastKnownFileType = folder.assetcatalog; name = Images.xcassets; path = starter/Images.xcassets; sourceTree = "<group>"; };
		13B07FB61A68108700A75B9A /* Info.plist */ = {isa = PBXFileReference; fileEncoding = 4; lastKnownFileType = text.plist.xml; name = Info.plist; path = starter/Info.plist; sourceTree = "<group>"; };
		13B07FB71A68108700A75B9A /* main.m */ = {isa = PBXFileReference; fileEncoding = 4; lastKnownFileType = sourcecode.c.objc; name = main.m; path = starter/main.m; sourceTree = "<group>"; };
		19F6CBCC0A4E27FBF8BF4A61 /* libPods-starter-starterTests.a */ = {isa = PBXFileReference; explicitFileType = archive.ar; includeInIndex = 0; path = "libPods-starter-starterTests.a"; sourceTree = BUILT_PRODUCTS_DIR; };
		1A10BB4BCF2AC0420C73445B /* Pods-starter-development.debug.xcconfig */ = {isa = PBXFileReference; includeInIndex = 1; lastKnownFileType = text.xcconfig; name = "Pods-starter-development.debug.xcconfig"; path = "Target Support Files/Pods-starter-development/Pods-starter-development.debug.xcconfig"; sourceTree = "<group>"; };
		1EA1992B420244E09DC5A97F /* Poppins-MediumItalic.ttf */ = {isa = PBXFileReference; explicitFileType = undefined; fileEncoding = 9; includeInIndex = 0; lastKnownFileType = unknown; name = "Poppins-MediumItalic.ttf"; path = "../src/assets/fonts/Poppins-MediumItalic.ttf"; sourceTree = "<group>"; };
		28CA637402499A00828C3976 /* Pods-starter-production.release.xcconfig */ = {isa = PBXFileReference; includeInIndex = 1; lastKnownFileType = text.xcconfig; name = "Pods-starter-production.release.xcconfig"; path = "Target Support Files/Pods-starter-production/Pods-starter-production.release.xcconfig"; sourceTree = "<group>"; };
		2A8926E54A464E20B84BE39D /* Poppins-BlackItalic.ttf */ = {isa = PBXFileReference; explicitFileType = undefined; fileEncoding = 9; includeInIndex = 0; lastKnownFileType = unknown; name = "Poppins-BlackItalic.ttf"; path = "../src/assets/fonts/Poppins-BlackItalic.ttf"; sourceTree = "<group>"; };
		3393BDBA2A3D4DFF83B9C29B /* Poppins-Italic.ttf */ = {isa = PBXFileReference; explicitFileType = undefined; fileEncoding = 9; includeInIndex = 0; lastKnownFileType = unknown; name = "Poppins-Italic.ttf"; path = "../src/assets/fonts/Poppins-Italic.ttf"; sourceTree = "<group>"; };
		3B4392A12AC88292D35C810B /* Pods-starter.debug.xcconfig */ = {isa = PBXFileReference; includeInIndex = 1; lastKnownFileType = text.xcconfig; name = "Pods-starter.debug.xcconfig"; path = "Target Support Files/Pods-starter/Pods-starter.debug.xcconfig"; sourceTree = "<group>"; };
		3CE429C89B627DA2C136800C /* Pods-starter-development.release.xcconfig */ = {isa = PBXFileReference; includeInIndex = 1; lastKnownFileType = text.xcconfig; name = "Pods-starter-development.release.xcconfig"; path = "Target Support Files/Pods-starter-development/Pods-starter-development.release.xcconfig"; sourceTree = "<group>"; };
		3D11A0C1287A7E1C002B081D /* Config.xcconfig */ = {isa = PBXFileReference; lastKnownFileType = text.xcconfig; path = Config.xcconfig; sourceTree = "<group>"; };
		3D7567582871475F009F18B1 /* BootSplash.storyboard */ = {isa = PBXFileReference; fileEncoding = 4; lastKnownFileType = file.storyboard; name = BootSplash.storyboard; path = starter/BootSplash.storyboard; sourceTree = "<group>"; };
		3DD2A4D3293303E200443689 /* Info.plist */ = {isa = PBXFileReference; fileEncoding = 4; lastKnownFileType = text.plist.xml; path = Info.plist; sourceTree = "<group>"; };
		3DD2A4D5293303EF00443689 /* Info.plist */ = {isa = PBXFileReference; fileEncoding = 4; lastKnownFileType = text.plist.xml; path = Info.plist; sourceTree = "<group>"; };
		3DD9644C287748D400F3E21A /* development.app */ = {isa = PBXFileReference; explicitFileType = wrapper.application; includeInIndex = 0; path = development.app; sourceTree = BUILT_PRODUCTS_DIR; };
		3DD96464287748E600F3E21A /* staging.app */ = {isa = PBXFileReference; explicitFileType = wrapper.application; includeInIndex = 0; path = staging.app; sourceTree = BUILT_PRODUCTS_DIR; };
		46B766D38A6A4D29894715C2 /* Poppins-ExtraLight.ttf */ = {isa = PBXFileReference; explicitFileType = undefined; fileEncoding = 9; includeInIndex = 0; lastKnownFileType = unknown; name = "Poppins-ExtraLight.ttf"; path = "../src/assets/fonts/Poppins-ExtraLight.ttf"; sourceTree = "<group>"; };
		4E58B449A9464EEFBA15654E /* Poppins-BoldItalic.ttf */ = {isa = PBXFileReference; explicitFileType = undefined; fileEncoding = 9; includeInIndex = 0; lastKnownFileType = unknown; name = "Poppins-BoldItalic.ttf"; path = "../src/assets/fonts/Poppins-BoldItalic.ttf"; sourceTree = "<group>"; };
		4EC996FD56074331A2658A5E /* Poppins-ExtraLightItalic.ttf */ = {isa = PBXFileReference; explicitFileType = undefined; fileEncoding = 9; includeInIndex = 0; lastKnownFileType = unknown; name = "Poppins-ExtraLightItalic.ttf"; path = "../src/assets/fonts/Poppins-ExtraLightItalic.ttf"; sourceTree = "<group>"; };
		5709B34CF0A7D63546082F79 /* Pods-starter.release.xcconfig */ = {isa = PBXFileReference; includeInIndex = 1; lastKnownFileType = text.xcconfig; name = "Pods-starter.release.xcconfig"; path = "Target Support Files/Pods-starter/Pods-starter.release.xcconfig"; sourceTree = "<group>"; };
		59B17F1DDB9966A6CC7F585F /* Pods-starter-staging.debug.xcconfig */ = {isa = PBXFileReference; includeInIndex = 1; lastKnownFileType = text.xcconfig; name = "Pods-starter-staging.debug.xcconfig"; path = "Target Support Files/Pods-starter-staging/Pods-starter-staging.debug.xcconfig"; sourceTree = "<group>"; };
		5B7EB9410499542E8C5724F5 /* Pods-starter-starterTests.debug.xcconfig */ = {isa = PBXFileReference; includeInIndex = 1; lastKnownFileType = text.xcconfig; name = "Pods-starter-starterTests.debug.xcconfig"; path = "Target Support Files/Pods-starter-starterTests/Pods-starter-starterTests.debug.xcconfig"; sourceTree = "<group>"; };
		66A8D7BE0F1944768C9E44B6 /* Poppins-SemiBold.ttf */ = {isa = PBXFileReference; explicitFileType = undefined; fileEncoding = 9; includeInIndex = 0; lastKnownFileType = unknown; name = "Poppins-SemiBold.ttf"; path = "../src/assets/fonts/Poppins-SemiBold.ttf"; sourceTree = "<group>"; };
		68C84C17D4BE459D9F2B371A /* Poppins-Thin.ttf */ = {isa = PBXFileReference; explicitFileType = undefined; fileEncoding = 9; includeInIndex = 0; lastKnownFileType = unknown; name = "Poppins-Thin.ttf"; path = "../src/assets/fonts/Poppins-Thin.ttf"; sourceTree = "<group>"; };
		81AB9BB72411601600AC10FF /* LaunchScreen.storyboard */ = {isa = PBXFileReference; fileEncoding = 4; lastKnownFileType = file.storyboard; name = LaunchScreen.storyboard; path = starter/LaunchScreen.storyboard; sourceTree = "<group>"; };
		88D09811C1634DDE82569AF9 /* Poppins-Bold.ttf */ = {isa = PBXFileReference; explicitFileType = undefined; fileEncoding = 9; includeInIndex = 0; lastKnownFileType = unknown; name = "Poppins-Bold.ttf"; path = "../src/assets/fonts/Poppins-Bold.ttf"; sourceTree = "<group>"; };
		89353D3AE8454914AA3DA516 /* Poppins-ThinItalic.ttf */ = {isa = PBXFileReference; explicitFileType = undefined; fileEncoding = 9; includeInIndex = 0; lastKnownFileType = unknown; name = "Poppins-ThinItalic.ttf"; path = "../src/assets/fonts/Poppins-ThinItalic.ttf"; sourceTree = "<group>"; };
		89C6BE57DB24E9ADA2F236DE /* Pods-starter-starterTests.release.xcconfig */ = {isa = PBXFileReference; includeInIndex = 1; lastKnownFileType = text.xcconfig; name = "Pods-starter-starterTests.release.xcconfig"; path = "Target Support Files/Pods-starter-starterTests/Pods-starter-starterTests.release.xcconfig"; sourceTree = "<group>"; };
		AA2ED814FA174001AA897302 /* Poppins-Light.ttf */ = {isa = PBXFileReference; explicitFileType = undefined; fileEncoding = 9; includeInIndex = 0; lastKnownFileType = unknown; name = "Poppins-Light.ttf"; path = "../src/assets/fonts/Poppins-Light.ttf"; sourceTree = "<group>"; };
		ADDFA48FF3994956A1D0696C /* Poppins-SemiBoldItalic.ttf */ = {isa = PBXFileReference; explicitFileType = undefined; fileEncoding = 9; includeInIndex = 0; lastKnownFileType = unknown; name = "Poppins-SemiBoldItalic.ttf"; path = "../src/assets/fonts/Poppins-SemiBoldItalic.ttf"; sourceTree = "<group>"; };
		AFC23D8DB7004BE644CC771A /* libPods-starter-staging.a */ = {isa = PBXFileReference; explicitFileType = archive.ar; includeInIndex = 0; path = "libPods-starter-staging.a"; sourceTree = BUILT_PRODUCTS_DIR; };
		C39A38CECFCC45E491D6E3EA /* Poppins-ExtraBoldItalic.ttf */ = {isa = PBXFileReference; explicitFileType = undefined; fileEncoding = 9; includeInIndex = 0; lastKnownFileType = unknown; name = "Poppins-ExtraBoldItalic.ttf"; path = "../src/assets/fonts/Poppins-ExtraBoldItalic.ttf"; sourceTree = "<group>"; };
		C674A4B2CC094EA49398FF96 /* Poppins-Medium.ttf */ = {isa = PBXFileReference; explicitFileType = undefined; fileEncoding = 9; includeInIndex = 0; lastKnownFileType = unknown; name = "Poppins-Medium.ttf"; path = "../src/assets/fonts/Poppins-Medium.ttf"; sourceTree = "<group>"; };
		CB08DCCAAD1933C310BE60AA /* libPods-starter-development.a */ = {isa = PBXFileReference; explicitFileType = archive.ar; includeInIndex = 0; path = "libPods-starter-development.a"; sourceTree = BUILT_PRODUCTS_DIR; };
		E2442C87CF3848638B2237AC /* Poppins-Regular.ttf */ = {isa = PBXFileReference; explicitFileType = undefined; fileEncoding = 9; includeInIndex = 0; lastKnownFileType = unknown; name = "Poppins-Regular.ttf"; path = "../src/assets/fonts/Poppins-Regular.ttf"; sourceTree = "<group>"; };
		E972637393A04E279EA8D78E /* Poppins-LightItalic.ttf */ = {isa = PBXFileReference; explicitFileType = undefined; fileEncoding = 9; includeInIndex = 0; lastKnownFileType = unknown; name = "Poppins-LightItalic.ttf"; path = "../src/assets/fonts/Poppins-LightItalic.ttf"; sourceTree = "<group>"; };
		ED297162215061F000B7C4FE /* JavaScriptCore.framework */ = {isa = PBXFileReference; lastKnownFileType = wrapper.framework; name = JavaScriptCore.framework; path = System/Library/Frameworks/JavaScriptCore.framework; sourceTree = SDKROOT; };
		F472400FF389893191595B2F /* Pods-starter-staging.release.xcconfig */ = {isa = PBXFileReference; includeInIndex = 1; lastKnownFileType = text.xcconfig; name = "Pods-starter-staging.release.xcconfig"; path = "Target Support Files/Pods-starter-staging/Pods-starter-staging.release.xcconfig"; sourceTree = "<group>"; };
		FC9961C434E44B4B96D31BFE /* Poppins-Black.ttf */ = {isa = PBXFileReference; explicitFileType = undefined; fileEncoding = 9; includeInIndex = 0; lastKnownFileType = unknown; name = "Poppins-Black.ttf"; path = "../src/assets/fonts/Poppins-Black.ttf"; sourceTree = "<group>"; };
/* End PBXFileReference section */

/* Begin PBXFrameworksBuildPhase section */
		13B07F8C1A680F5B00A75B9A /* Frameworks */ = {
			isa = PBXFrameworksBuildPhase;
			buildActionMask = 2147483647;
			files = (
				810401AAD8B6B7FD668E0BA3 /* libPods-starter-production.a in Frameworks */,
			);
			runOnlyForDeploymentPostprocessing = 0;
		};
		3DD9643C287748D400F3E21A /* Frameworks */ = {
			isa = PBXFrameworksBuildPhase;
			buildActionMask = 2147483647;
			files = (
				210B25FC6C63BE3D1CF0E7DE /* libPods-starter-development.a in Frameworks */,
			);
			runOnlyForDeploymentPostprocessing = 0;
		};
		3DD96454287748E600F3E21A /* Frameworks */ = {
			isa = PBXFrameworksBuildPhase;
			buildActionMask = 2147483647;
			files = (
				4F715556E15F9610D36F7CB4 /* libPods-starter-staging.a in Frameworks */,
			);
			runOnlyForDeploymentPostprocessing = 0;
		};
/* End PBXFrameworksBuildPhase section */

/* Begin PBXGroup section */
		00E356EF1AD99517003FC87E /* starterTests */ = {
			isa = PBXGroup;
			children = (
				00E356F21AD99517003FC87E /* starterTests.m */,
				00E356F01AD99517003FC87E /* Supporting Files */,
			);
			path = starterTests;
			sourceTree = "<group>";
		};
		00E356F01AD99517003FC87E /* Supporting Files */ = {
			isa = PBXGroup;
			children = (
				00E356F11AD99517003FC87E /* Info.plist */,
			);
			name = "Supporting Files";
			sourceTree = "<group>";
		};
		13B07FAE1A68108700A75B9A /* starter */ = {
			isa = PBXGroup;
			children = (
				3D7567582871475F009F18B1 /* BootSplash.storyboard */,
				13B07FAF1A68108700A75B9A /* AppDelegate.h */,
				13B07FB01A68108700A75B9A /* AppDelegate.mm */,
				13B07FB51A68108700A75B9A /* Images.xcassets */,
				13B07FB61A68108700A75B9A /* Info.plist */,
				81AB9BB72411601600AC10FF /* LaunchScreen.storyboard */,
				13B07FB71A68108700A75B9A /* main.m */,
			);
			name = starter;
			sourceTree = "<group>";
		};
		2D16E6871FA4F8E400B85C8A /* Frameworks */ = {
			isa = PBXGroup;
			children = (
				ED297162215061F000B7C4FE /* JavaScriptCore.framework */,
				19F6CBCC0A4E27FBF8BF4A61 /* libPods-starter-starterTests.a */,
				CB08DCCAAD1933C310BE60AA /* libPods-starter-development.a */,
				0FDBBE1E7A276114BE3FC000 /* libPods-starter-production.a */,
				AFC23D8DB7004BE644CC771A /* libPods-starter-staging.a */,
			);
			name = Frameworks;
			sourceTree = "<group>";
		};
		3D11A0BD287A7AE4002B081D /* development */ = {
			isa = PBXGroup;
			children = (
				3DD2A4D3293303E200443689 /* Info.plist */,
			);
			path = development;
			sourceTree = "<group>";
		};
		3D11A0BE287A7AF4002B081D /* staging */ = {
			isa = PBXGroup;
			children = (
				3DD2A4D5293303EF00443689 /* Info.plist */,
			);
			path = staging;
			sourceTree = "<group>";
		};
		66A69937D00B4D2EB317D3B6 /* Resources */ = {
			isa = PBXGroup;
			children = (
				FC9961C434E44B4B96D31BFE /* Poppins-Black.ttf */,
				2A8926E54A464E20B84BE39D /* Poppins-BlackItalic.ttf */,
				88D09811C1634DDE82569AF9 /* Poppins-Bold.ttf */,
				4E58B449A9464EEFBA15654E /* Poppins-BoldItalic.ttf */,
				080AB7EC1C0A44E78C03A85C /* Poppins-ExtraBold.ttf */,
				C39A38CECFCC45E491D6E3EA /* Poppins-ExtraBoldItalic.ttf */,
				46B766D38A6A4D29894715C2 /* Poppins-ExtraLight.ttf */,
				4EC996FD56074331A2658A5E /* Poppins-ExtraLightItalic.ttf */,
				3393BDBA2A3D4DFF83B9C29B /* Poppins-Italic.ttf */,
				AA2ED814FA174001AA897302 /* Poppins-Light.ttf */,
				E972637393A04E279EA8D78E /* Poppins-LightItalic.ttf */,
				C674A4B2CC094EA49398FF96 /* Poppins-Medium.ttf */,
				1EA1992B420244E09DC5A97F /* Poppins-MediumItalic.ttf */,
				E2442C87CF3848638B2237AC /* Poppins-Regular.ttf */,
				66A8D7BE0F1944768C9E44B6 /* Poppins-SemiBold.ttf */,
				ADDFA48FF3994956A1D0696C /* Poppins-SemiBoldItalic.ttf */,
				68C84C17D4BE459D9F2B371A /* Poppins-Thin.ttf */,
				89353D3AE8454914AA3DA516 /* Poppins-ThinItalic.ttf */,
			);
			name = Resources;
			sourceTree = "<group>";
		};
		832341AE1AAA6A7D00B99B32 /* Libraries */ = {
			isa = PBXGroup;
			children = (
			);
			name = Libraries;
			sourceTree = "<group>";
		};
		83CBB9F61A601CBA00E9B192 = {
			isa = PBXGroup;
			children = (
				3D11A0C1287A7E1C002B081D /* Config.xcconfig */,
				3D11A0BE287A7AF4002B081D /* staging */,
				3D11A0BD287A7AE4002B081D /* development */,
				13B07FAE1A68108700A75B9A /* starter */,
				832341AE1AAA6A7D00B99B32 /* Libraries */,
				00E356EF1AD99517003FC87E /* starterTests */,
				83CBBA001A601CBA00E9B192 /* Products */,
				2D16E6871FA4F8E400B85C8A /* Frameworks */,
				BBD78D7AC51CEA395F1C20DB /* Pods */,
				66A69937D00B4D2EB317D3B6 /* Resources */,
			);
			indentWidth = 2;
			sourceTree = "<group>";
			tabWidth = 2;
			usesTabs = 0;
		};
		83CBBA001A601CBA00E9B192 /* Products */ = {
			isa = PBXGroup;
			children = (
				13B07F961A680F5B00A75B9A /* starter.app */,
				3DD9644C287748D400F3E21A /* development.app */,
				3DD96464287748E600F3E21A /* staging.app */,
			);
			name = Products;
			sourceTree = "<group>";
		};
		BBD78D7AC51CEA395F1C20DB /* Pods */ = {
			isa = PBXGroup;
			children = (
				3B4392A12AC88292D35C810B /* Pods-starter.debug.xcconfig */,
				5709B34CF0A7D63546082F79 /* Pods-starter.release.xcconfig */,
				5B7EB9410499542E8C5724F5 /* Pods-starter-starterTests.debug.xcconfig */,
				89C6BE57DB24E9ADA2F236DE /* Pods-starter-starterTests.release.xcconfig */,
				1A10BB4BCF2AC0420C73445B /* Pods-starter-development.debug.xcconfig */,
				3CE429C89B627DA2C136800C /* Pods-starter-development.release.xcconfig */,
				08CE7C7E92D7A00F5CBB2B49 /* Pods-starter-production.debug.xcconfig */,
				28CA637402499A00828C3976 /* Pods-starter-production.release.xcconfig */,
				59B17F1DDB9966A6CC7F585F /* Pods-starter-staging.debug.xcconfig */,
				F472400FF389893191595B2F /* Pods-starter-staging.release.xcconfig */,
			);
			path = Pods;
			sourceTree = "<group>";
		};
/* End PBXGroup section */

/* Begin PBXNativeTarget section */
		13B07F861A680F5B00A75B9A /* production */ = {
			isa = PBXNativeTarget;
			buildConfigurationList = 13B07F931A680F5B00A75B9A /* Build configuration list for PBXNativeTarget "production" */;
			buildPhases = (
				C38B50BA6285516D6DCD4F65 /* [CP] Check Pods Manifest.lock */,
				FD10A7F022414F080027D42C /* Start Packager */,
				13B07F871A680F5B00A75B9A /* Sources */,
				13B07F8C1A680F5B00A75B9A /* Frameworks */,
				13B07F8E1A680F5B00A75B9A /* Resources */,
				00DD1BFF1BD5951E006B06BC /* Bundle React Native code and images */,
				00EEFC60759A1932668264C0 /* [CP] Embed Pods Frameworks */,
				E235C05ADACE081382539298 /* [CP] Copy Pods Resources */,
			);
			buildRules = (
			);
			dependencies = (
			);
			name = production;
			productName = starter;
			productReference = 13B07F961A680F5B00A75B9A /* starter.app */;
			productType = "com.apple.product-type.application";
		};
		3DD96436287748D400F3E21A /* development */ = {
			isa = PBXNativeTarget;
			buildConfigurationList = 3DD96445287748D400F3E21A /* Build configuration list for PBXNativeTarget "development" */;
			buildPhases = (
				3DD96437287748D400F3E21A /* [CP] Check Pods Manifest.lock */,
				3DD96438287748D400F3E21A /* Start Packager */,
				3DD96439287748D400F3E21A /* Sources */,
				3DD9643C287748D400F3E21A /* Frameworks */,
				3DD9643E287748D400F3E21A /* Resources */,
				3DD96442287748D400F3E21A /* Bundle React Native code and images */,
				3DD96443287748D400F3E21A /* [CP] Embed Pods Frameworks */,
				3DD96444287748D400F3E21A /* [CP] Copy Pods Resources */,
			);
			buildRules = (
			);
			dependencies = (
			);
			name = development;
			productName = starter;
			productReference = 3DD9644C287748D400F3E21A /* development.app */;
			productType = "com.apple.product-type.application";
		};
		3DD9644E287748E600F3E21A /* staging */ = {
			isa = PBXNativeTarget;
			buildConfigurationList = 3DD9645D287748E600F3E21A /* Build configuration list for PBXNativeTarget "staging" */;
			buildPhases = (
				3DD9644F287748E600F3E21A /* [CP] Check Pods Manifest.lock */,
				3DD96450287748E600F3E21A /* Start Packager */,
				3DD96451287748E600F3E21A /* Sources */,
				3DD96454287748E600F3E21A /* Frameworks */,
				3DD96456287748E600F3E21A /* Resources */,
				3DD9645A287748E600F3E21A /* Bundle React Native code and images */,
				3DD9645B287748E600F3E21A /* [CP] Embed Pods Frameworks */,
				3DD9645C287748E600F3E21A /* [CP] Copy Pods Resources */,
			);
			buildRules = (
			);
			dependencies = (
			);
			name = staging;
			productName = starter;
			productReference = 3DD96464287748E600F3E21A /* staging.app */;
			productType = "com.apple.product-type.application";
		};
/* End PBXNativeTarget section */

/* Begin PBXProject section */
		83CBB9F71A601CBA00E9B192 /* Project object */ = {
			isa = PBXProject;
			attributes = {
				LastUpgradeCheck = 1210;
				TargetAttributes = {
					13B07F861A680F5B00A75B9A = {
						LastSwiftMigration = 1120;
					};
				};
			};
			buildConfigurationList = 83CBB9FA1A601CBA00E9B192 /* Build configuration list for PBXProject "starter" */;
			compatibilityVersion = "Xcode 12.0";
			developmentRegion = en;
			hasScannedForEncodings = 0;
			knownRegions = (
				en,
				Base,
			);
			mainGroup = 83CBB9F61A601CBA00E9B192;
			productRefGroup = 83CBBA001A601CBA00E9B192 /* Products */;
			projectDirPath = "";
			projectRoot = "";
			targets = (
				13B07F861A680F5B00A75B9A /* production */,
				3DD96436287748D400F3E21A /* development */,
				3DD9644E287748E600F3E21A /* staging */,
			);
		};
/* End PBXProject section */

/* Begin PBXResourcesBuildPhase section */
		13B07F8E1A680F5B00A75B9A /* Resources */ = {
			isa = PBXResourcesBuildPhase;
			buildActionMask = 2147483647;
			files = (
				3D75675928714760009F18B1 /* BootSplash.storyboard in Resources */,
				81AB9BB82411601600AC10FF /* LaunchScreen.storyboard in Resources */,
				13B07FBF1A68108700A75B9A /* Images.xcassets in Resources */,
				789C0DE01D7F4D458282EB2A /* Poppins-Black.ttf in Resources */,
				1844BA4BA33B4F5C9AEF55C8 /* Poppins-BlackItalic.ttf in Resources */,
				7D26C3746A044190ABD1A4D9 /* Poppins-Bold.ttf in Resources */,
				4C2EA62F539A470C8738BBA1 /* Poppins-BoldItalic.ttf in Resources */,
				6099DBB56F8E477DB2CE70CD /* Poppins-ExtraBold.ttf in Resources */,
				3F2E68E9FE694310B0C70970 /* Poppins-ExtraBoldItalic.ttf in Resources */,
				FFAE42FCD3AE43BCB1B55A1D /* Poppins-ExtraLight.ttf in Resources */,
				1C3EF0C0170A44EFA79B559A /* Poppins-ExtraLightItalic.ttf in Resources */,
				E5B53D2DA26C4A1E99DF9E9F /* Poppins-Italic.ttf in Resources */,
				368492D0B1074F50AD30D682 /* Poppins-Light.ttf in Resources */,
				30862F6F3DEB4D8299B62088 /* Poppins-LightItalic.ttf in Resources */,
				CE87562014564EB8AF5EC011 /* Poppins-Medium.ttf in Resources */,
				1D6623A28CA64DF397FF6B0E /* Poppins-MediumItalic.ttf in Resources */,
				FF694D2AA4FF40F7AA19AD01 /* Poppins-Regular.ttf in Resources */,
				2FC48261ED684731BDD96F72 /* Poppins-SemiBold.ttf in Resources */,
				25B73CD378B44CE1A552B458 /* Poppins-SemiBoldItalic.ttf in Resources */,
				EFE1EDBB898844CCBAE73D94 /* Poppins-Thin.ttf in Resources */,
				6D92C0EA19564AE58E427C8D /* Poppins-ThinItalic.ttf in Resources */,
			);
			runOnlyForDeploymentPostprocessing = 0;
		};
		3DD9643E287748D400F3E21A /* Resources */ = {
			isa = PBXResourcesBuildPhase;
			buildActionMask = 2147483647;
			files = (
				3D11A0CE287AA754002B081D /* Poppins-Black.ttf in Resources */,
				3D11A0D1287AA754002B081D /* Poppins-SemiBoldItalic.ttf in Resources */,
				3DD9643F287748D400F3E21A /* BootSplash.storyboard in Resources */,
				3D11A0C5287AA754002B081D /* Poppins-BlackItalic.ttf in Resources */,
				3D11A0C2287AA754002B081D /* Poppins-MediumItalic.ttf in Resources */,
				3D11A0CB287AA754002B081D /* Poppins-Thin.ttf in Resources */,
				3D11A0D3287AA754002B081D /* Poppins-ExtraLight.ttf in Resources */,
				3D11A0C7287AA754002B081D /* Poppins-Regular.ttf in Resources */,
				3D11A0D2287AA754002B081D /* Poppins-Bold.ttf in Resources */,
				3D11A0C3287AA754002B081D /* Poppins-ThinItalic.ttf in Resources */,
				3D11A0D0287AA754002B081D /* Poppins-LightItalic.ttf in Resources */,
				3D11A0C4287AA754002B081D /* Poppins-SemiBold.ttf in Resources */,
				3D11A0C6287AA754002B081D /* Poppins-Medium.ttf in Resources */,
				3D11A0CC287AA754002B081D /* Poppins-ExtraLightItalic.ttf in Resources */,
				3D11A0CD287AA754002B081D /* Poppins-ExtraBoldItalic.ttf in Resources */,
				3D11A0CA287AA754002B081D /* Poppins-Light.ttf in Resources */,
				3D11A0C9287AA754002B081D /* Poppins-Italic.ttf in Resources */,
				3DD96440287748D400F3E21A /* LaunchScreen.storyboard in Resources */,
				3D11A0CF287AA754002B081D /* Poppins-ExtraBold.ttf in Resources */,
				3DD96441287748D400F3E21A /* Images.xcassets in Resources */,
				3D11A0C8287AA754002B081D /* Poppins-BoldItalic.ttf in Resources */,
			);
			runOnlyForDeploymentPostprocessing = 0;
		};
		3DD96456287748E600F3E21A /* Resources */ = {
			isa = PBXResourcesBuildPhase;
			buildActionMask = 2147483647;
			files = (
				3D11A0E0287AA755002B081D /* Poppins-Black.ttf in Resources */,
				3D11A0E3287AA755002B081D /* Poppins-SemiBoldItalic.ttf in Resources */,
				3DD96457287748E600F3E21A /* BootSplash.storyboard in Resources */,
				3D11A0D7287AA755002B081D /* Poppins-BlackItalic.ttf in Resources */,
				3D11A0D4287AA755002B081D /* Poppins-MediumItalic.ttf in Resources */,
				3D11A0DD287AA755002B081D /* Poppins-Thin.ttf in Resources */,
				3D11A0E5287AA755002B081D /* Poppins-ExtraLight.ttf in Resources */,
				3D11A0D9287AA755002B081D /* Poppins-Regular.ttf in Resources */,
				3D11A0E4287AA755002B081D /* Poppins-Bold.ttf in Resources */,
				3D11A0D5287AA755002B081D /* Poppins-ThinItalic.ttf in Resources */,
				3D11A0E2287AA755002B081D /* Poppins-LightItalic.ttf in Resources */,
				3D11A0D6287AA755002B081D /* Poppins-SemiBold.ttf in Resources */,
				3D11A0D8287AA755002B081D /* Poppins-Medium.ttf in Resources */,
				3D11A0DE287AA755002B081D /* Poppins-ExtraLightItalic.ttf in Resources */,
				3D11A0DF287AA755002B081D /* Poppins-ExtraBoldItalic.ttf in Resources */,
				3D11A0DC287AA755002B081D /* Poppins-Light.ttf in Resources */,
				3D11A0DB287AA755002B081D /* Poppins-Italic.ttf in Resources */,
				3DD96458287748E600F3E21A /* LaunchScreen.storyboard in Resources */,
				3D11A0E1287AA755002B081D /* Poppins-ExtraBold.ttf in Resources */,
				3DD96459287748E600F3E21A /* Images.xcassets in Resources */,
				3D11A0DA287AA755002B081D /* Poppins-BoldItalic.ttf in Resources */,
			);
			runOnlyForDeploymentPostprocessing = 0;
		};
/* End PBXResourcesBuildPhase section */

/* Begin PBXShellScriptBuildPhase section */
		00DD1BFF1BD5951E006B06BC /* Bundle React Native code and images */ = {
			isa = PBXShellScriptBuildPhase;
			buildActionMask = 2147483647;
			files = (
			);
			inputPaths = (
				"$(SRCROOT)/.xcode.env.local",
				"$(SRCROOT)/.xcode.env",
			);
			name = "Bundle React Native code and images";
			outputPaths = (
			);
			runOnlyForDeploymentPostprocessing = 0;
			shellPath = /bin/sh;
			shellScript = "set -e\n\nWITH_ENVIRONMENT=\"../node_modules/react-native/scripts/xcode/with-environment.sh\"\nREACT_NATIVE_XCODE=\"../node_modules/react-native/scripts/react-native-xcode.sh\"\n\n/bin/sh -c \"$WITH_ENVIRONMENT $REACT_NATIVE_XCODE\"\n";
		};
		00EEFC60759A1932668264C0 /* [CP] Embed Pods Frameworks */ = {
			isa = PBXShellScriptBuildPhase;
			buildActionMask = 2147483647;
			files = (
			);
			inputFileListPaths = (
				"${PODS_ROOT}/Target Support Files/Pods-starter-production/Pods-starter-production-frameworks-${CONFIGURATION}-input-files.xcfilelist",
			);
			name = "[CP] Embed Pods Frameworks";
			outputFileListPaths = (
				"${PODS_ROOT}/Target Support Files/Pods-starter-production/Pods-starter-production-frameworks-${CONFIGURATION}-output-files.xcfilelist",
			);
			runOnlyForDeploymentPostprocessing = 0;
			shellPath = /bin/sh;
			shellScript = "\"${PODS_ROOT}/Target Support Files/Pods-starter-production/Pods-starter-production-frameworks.sh\"\n";
			showEnvVarsInLog = 0;
		};
		3DD96437287748D400F3E21A /* [CP] Check Pods Manifest.lock */ = {
			isa = PBXShellScriptBuildPhase;
			buildActionMask = 2147483647;
			files = (
			);
			inputFileListPaths = (
			);
			inputPaths = (
				"${PODS_PODFILE_DIR_PATH}/Podfile.lock",
				"${PODS_ROOT}/Manifest.lock",
			);
			name = "[CP] Check Pods Manifest.lock";
			outputFileListPaths = (
			);
			outputPaths = (
				"$(DERIVED_FILE_DIR)/Pods-starter-development-checkManifestLockResult.txt",
			);
			runOnlyForDeploymentPostprocessing = 0;
			shellPath = /bin/sh;
			shellScript = "diff \"${PODS_PODFILE_DIR_PATH}/Podfile.lock\" \"${PODS_ROOT}/Manifest.lock\" > /dev/null\nif [ $? != 0 ] ; then\n    # print error to STDERR\n    echo \"error: The sandbox is not in sync with the Podfile.lock. Run 'pod install' or update your CocoaPods installation.\" >&2\n    exit 1\nfi\n# This output is used by Xcode 'outputs' to avoid re-running this script phase.\necho \"SUCCESS\" > \"${SCRIPT_OUTPUT_FILE_0}\"\n";
			showEnvVarsInLog = 0;
		};
		3DD96438287748D400F3E21A /* Start Packager */ = {
			isa = PBXShellScriptBuildPhase;
			buildActionMask = 2147483647;
			files = (
			);
			inputFileListPaths = (
			);
			inputPaths = (
			);
			name = "Start Packager";
			outputFileListPaths = (
			);
			outputPaths = (
			);
			runOnlyForDeploymentPostprocessing = 0;
			shellPath = /bin/sh;
			shellScript = "export RCT_METRO_PORT=\"${RCT_METRO_PORT:=8081}\"\necho \"export RCT_METRO_PORT=${RCT_METRO_PORT}\" > \"${SRCROOT}/../node_modules/react-native/scripts/.packager.env\"\nif [ -z \"${RCT_NO_LAUNCH_PACKAGER+xxx}\" ] ; then\n  if nc -w 5 -z localhost ${RCT_METRO_PORT} ; then\n    if ! curl -s \"http://localhost:${RCT_METRO_PORT}/status\" | grep -q \"packager-status:running\" ; then\n      echo \"Port ${RCT_METRO_PORT} already in use, packager is either not running or not running correctly\"\n      exit 2\n    fi\n  else\n    open \"$SRCROOT/../node_modules/react-native/scripts/launchPackager.command\" || echo \"Can't start packager automatically\"\n  fi\nfi\n";
			showEnvVarsInLog = 0;
		};
		3DD96442287748D400F3E21A /* Bundle React Native code and images */ = {
			isa = PBXShellScriptBuildPhase;
			buildActionMask = 2147483647;
			files = (
			);
			inputPaths = (
				"$(SRCROOT)/.xcode.env.local",
				"$(SRCROOT)/.xcode.env",
			);
			name = "Bundle React Native code and images";
			outputPaths = (
			);
			runOnlyForDeploymentPostprocessing = 0;
			shellPath = /bin/sh;
			shellScript = "set -e\n\nWITH_ENVIRONMENT=\"../node_modules/react-native/scripts/xcode/with-environment.sh\"\nREACT_NATIVE_XCODE=\"../node_modules/react-native/scripts/react-native-xcode.sh\"\n\n/bin/sh -c \"$WITH_ENVIRONMENT $REACT_NATIVE_XCODE\"\n";
		};
		3DD96443287748D400F3E21A /* [CP] Embed Pods Frameworks */ = {
			isa = PBXShellScriptBuildPhase;
			buildActionMask = 2147483647;
			files = (
			);
			inputFileListPaths = (
				"${PODS_ROOT}/Target Support Files/Pods-starter-development/Pods-starter-development-frameworks-${CONFIGURATION}-input-files.xcfilelist",
			);
			name = "[CP] Embed Pods Frameworks";
			outputFileListPaths = (
				"${PODS_ROOT}/Target Support Files/Pods-starter-development/Pods-starter-development-frameworks-${CONFIGURATION}-output-files.xcfilelist",
			);
			runOnlyForDeploymentPostprocessing = 0;
			shellPath = /bin/sh;
			shellScript = "\"${PODS_ROOT}/Target Support Files/Pods-starter-development/Pods-starter-development-frameworks.sh\"\n";
			showEnvVarsInLog = 0;
		};
		3DD96444287748D400F3E21A /* [CP] Copy Pods Resources */ = {
			isa = PBXShellScriptBuildPhase;
			buildActionMask = 2147483647;
			files = (
			);
			inputFileListPaths = (
				"${PODS_ROOT}/Target Support Files/Pods-starter-development/Pods-starter-development-resources-${CONFIGURATION}-input-files.xcfilelist",
			);
			name = "[CP] Copy Pods Resources";
			outputFileListPaths = (
				"${PODS_ROOT}/Target Support Files/Pods-starter-development/Pods-starter-development-resources-${CONFIGURATION}-output-files.xcfilelist",
			);
			runOnlyForDeploymentPostprocessing = 0;
			shellPath = /bin/sh;
			shellScript = "\"${PODS_ROOT}/Target Support Files/Pods-starter-development/Pods-starter-development-resources.sh\"\n";
			showEnvVarsInLog = 0;
		};
		3DD9644F287748E600F3E21A /* [CP] Check Pods Manifest.lock */ = {
			isa = PBXShellScriptBuildPhase;
			buildActionMask = 2147483647;
			files = (
			);
			inputFileListPaths = (
			);
			inputPaths = (
				"${PODS_PODFILE_DIR_PATH}/Podfile.lock",
				"${PODS_ROOT}/Manifest.lock",
			);
			name = "[CP] Check Pods Manifest.lock";
			outputFileListPaths = (
			);
			outputPaths = (
				"$(DERIVED_FILE_DIR)/Pods-starter-staging-checkManifestLockResult.txt",
			);
			runOnlyForDeploymentPostprocessing = 0;
			shellPath = /bin/sh;
			shellScript = "diff \"${PODS_PODFILE_DIR_PATH}/Podfile.lock\" \"${PODS_ROOT}/Manifest.lock\" > /dev/null\nif [ $? != 0 ] ; then\n    # print error to STDERR\n    echo \"error: The sandbox is not in sync with the Podfile.lock. Run 'pod install' or update your CocoaPods installation.\" >&2\n    exit 1\nfi\n# This output is used by Xcode 'outputs' to avoid re-running this script phase.\necho \"SUCCESS\" > \"${SCRIPT_OUTPUT_FILE_0}\"\n";
			showEnvVarsInLog = 0;
		};
		3DD96450287748E600F3E21A /* Start Packager */ = {
			isa = PBXShellScriptBuildPhase;
			buildActionMask = 2147483647;
			files = (
			);
			inputFileListPaths = (
			);
			inputPaths = (
			);
			name = "Start Packager";
			outputFileListPaths = (
			);
			outputPaths = (
			);
			runOnlyForDeploymentPostprocessing = 0;
			shellPath = /bin/sh;
			shellScript = "export RCT_METRO_PORT=\"${RCT_METRO_PORT:=8081}\"\necho \"export RCT_METRO_PORT=${RCT_METRO_PORT}\" > \"${SRCROOT}/../node_modules/react-native/scripts/.packager.env\"\nif [ -z \"${RCT_NO_LAUNCH_PACKAGER+xxx}\" ] ; then\n  if nc -w 5 -z localhost ${RCT_METRO_PORT} ; then\n    if ! curl -s \"http://localhost:${RCT_METRO_PORT}/status\" | grep -q \"packager-status:running\" ; then\n      echo \"Port ${RCT_METRO_PORT} already in use, packager is either not running or not running correctly\"\n      exit 2\n    fi\n  else\n    open \"$SRCROOT/../node_modules/react-native/scripts/launchPackager.command\" || echo \"Can't start packager automatically\"\n  fi\nfi\n";
			showEnvVarsInLog = 0;
		};
		3DD9645A287748E600F3E21A /* Bundle React Native code and images */ = {
			isa = PBXShellScriptBuildPhase;
			buildActionMask = 2147483647;
			files = (
			);
			inputPaths = (
				"$(SRCROOT)/.xcode.env.local",
				"$(SRCROOT)/.xcode.env",
			);
			name = "Bundle React Native code and images";
			outputPaths = (
			);
			runOnlyForDeploymentPostprocessing = 0;
			shellPath = /bin/sh;
			shellScript = "set -e\n\nWITH_ENVIRONMENT=\"../node_modules/react-native/scripts/xcode/with-environment.sh\"\nREACT_NATIVE_XCODE=\"../node_modules/react-native/scripts/react-native-xcode.sh\"\n\n/bin/sh -c \"$WITH_ENVIRONMENT $REACT_NATIVE_XCODE\"\n";
		};
		3DD9645B287748E600F3E21A /* [CP] Embed Pods Frameworks */ = {
			isa = PBXShellScriptBuildPhase;
			buildActionMask = 2147483647;
			files = (
			);
			inputFileListPaths = (
				"${PODS_ROOT}/Target Support Files/Pods-starter-staging/Pods-starter-staging-frameworks-${CONFIGURATION}-input-files.xcfilelist",
			);
			name = "[CP] Embed Pods Frameworks";
			outputFileListPaths = (
				"${PODS_ROOT}/Target Support Files/Pods-starter-staging/Pods-starter-staging-frameworks-${CONFIGURATION}-output-files.xcfilelist",
			);
			runOnlyForDeploymentPostprocessing = 0;
			shellPath = /bin/sh;
			shellScript = "\"${PODS_ROOT}/Target Support Files/Pods-starter-staging/Pods-starter-staging-frameworks.sh\"\n";
			showEnvVarsInLog = 0;
		};
		3DD9645C287748E600F3E21A /* [CP] Copy Pods Resources */ = {
			isa = PBXShellScriptBuildPhase;
			buildActionMask = 2147483647;
			files = (
			);
			inputFileListPaths = (
				"${PODS_ROOT}/Target Support Files/Pods-starter-staging/Pods-starter-staging-resources-${CONFIGURATION}-input-files.xcfilelist",
			);
			name = "[CP] Copy Pods Resources";
			outputFileListPaths = (
				"${PODS_ROOT}/Target Support Files/Pods-starter-staging/Pods-starter-staging-resources-${CONFIGURATION}-output-files.xcfilelist",
			);
			runOnlyForDeploymentPostprocessing = 0;
			shellPath = /bin/sh;
			shellScript = "\"${PODS_ROOT}/Target Support Files/Pods-starter-staging/Pods-starter-staging-resources.sh\"\n";
			showEnvVarsInLog = 0;
		};
		C38B50BA6285516D6DCD4F65 /* [CP] Check Pods Manifest.lock */ = {
			isa = PBXShellScriptBuildPhase;
			buildActionMask = 2147483647;
			files = (
			);
			inputFileListPaths = (
			);
			inputPaths = (
				"${PODS_PODFILE_DIR_PATH}/Podfile.lock",
				"${PODS_ROOT}/Manifest.lock",
			);
			name = "[CP] Check Pods Manifest.lock";
			outputFileListPaths = (
			);
			outputPaths = (
				"$(DERIVED_FILE_DIR)/Pods-starter-production-checkManifestLockResult.txt",
			);
			runOnlyForDeploymentPostprocessing = 0;
			shellPath = /bin/sh;
			shellScript = "diff \"${PODS_PODFILE_DIR_PATH}/Podfile.lock\" \"${PODS_ROOT}/Manifest.lock\" > /dev/null\nif [ $? != 0 ] ; then\n    # print error to STDERR\n    echo \"error: The sandbox is not in sync with the Podfile.lock. Run 'pod install' or update your CocoaPods installation.\" >&2\n    exit 1\nfi\n# This output is used by Xcode 'outputs' to avoid re-running this script phase.\necho \"SUCCESS\" > \"${SCRIPT_OUTPUT_FILE_0}\"\n";
			showEnvVarsInLog = 0;
		};
		E235C05ADACE081382539298 /* [CP] Copy Pods Resources */ = {
			isa = PBXShellScriptBuildPhase;
			buildActionMask = 2147483647;
			files = (
			);
			inputFileListPaths = (
				"${PODS_ROOT}/Target Support Files/Pods-starter-production/Pods-starter-production-resources-${CONFIGURATION}-input-files.xcfilelist",
			);
			name = "[CP] Copy Pods Resources";
			outputFileListPaths = (
				"${PODS_ROOT}/Target Support Files/Pods-starter-production/Pods-starter-production-resources-${CONFIGURATION}-output-files.xcfilelist",
			);
			runOnlyForDeploymentPostprocessing = 0;
			shellPath = /bin/sh;
			shellScript = "\"${PODS_ROOT}/Target Support Files/Pods-starter-production/Pods-starter-production-resources.sh\"\n";
			showEnvVarsInLog = 0;
		};
		FD10A7F022414F080027D42C /* Start Packager */ = {
			isa = PBXShellScriptBuildPhase;
			buildActionMask = 2147483647;
			files = (
			);
			inputFileListPaths = (
			);
			inputPaths = (
			);
			name = "Start Packager";
			outputFileListPaths = (
			);
			outputPaths = (
			);
			runOnlyForDeploymentPostprocessing = 0;
			shellPath = /bin/sh;
			shellScript = "export RCT_METRO_PORT=\"${RCT_METRO_PORT:=8081}\"\necho \"export RCT_METRO_PORT=${RCT_METRO_PORT}\" > \"${SRCROOT}/../node_modules/react-native/scripts/.packager.env\"\nif [ -z \"${RCT_NO_LAUNCH_PACKAGER+xxx}\" ] ; then\n  if nc -w 5 -z localhost ${RCT_METRO_PORT} ; then\n    if ! curl -s \"http://localhost:${RCT_METRO_PORT}/status\" | grep -q \"packager-status:running\" ; then\n      echo \"Port ${RCT_METRO_PORT} already in use, packager is either not running or not running correctly\"\n      exit 2\n    fi\n  else\n    open \"$SRCROOT/../node_modules/react-native/scripts/launchPackager.command\" || echo \"Can't start packager automatically\"\n  fi\nfi\n";
			showEnvVarsInLog = 0;
		};
/* End PBXShellScriptBuildPhase section */

/* Begin PBXSourcesBuildPhase section */
		13B07F871A680F5B00A75B9A /* Sources */ = {
			isa = PBXSourcesBuildPhase;
			buildActionMask = 2147483647;
			files = (
				13B07FBC1A68108700A75B9A /* AppDelegate.mm in Sources */,
				13B07FC11A68108700A75B9A /* main.m in Sources */,
			);
			runOnlyForDeploymentPostprocessing = 0;
		};
		3DD96439287748D400F3E21A /* Sources */ = {
			isa = PBXSourcesBuildPhase;
			buildActionMask = 2147483647;
			files = (
				3DD9643A287748D400F3E21A /* AppDelegate.mm in Sources */,
				3DD9643B287748D400F3E21A /* main.m in Sources */,
			);
			runOnlyForDeploymentPostprocessing = 0;
		};
		3DD96451287748E600F3E21A /* Sources */ = {
			isa = PBXSourcesBuildPhase;
			buildActionMask = 2147483647;
			files = (
				3DD96452287748E600F3E21A /* AppDelegate.mm in Sources */,
				3DD96453287748E600F3E21A /* main.m in Sources */,
			);
			runOnlyForDeploymentPostprocessing = 0;
		};
/* End PBXSourcesBuildPhase section */

/* Begin XCBuildConfiguration section */
		13B07F941A680F5B00A75B9A /* Debug */ = {
			isa = XCBuildConfiguration;
			baseConfigurationReference = 08CE7C7E92D7A00F5CBB2B49 /* Pods-starter-production.debug.xcconfig */;
			buildSettings = {
				ASSETCATALOG_COMPILER_APPICON_NAME = AppIcon;
				CLANG_ENABLE_MODULES = YES;
				CURRENT_PROJECT_VERSION = 1;
				ENABLE_BITCODE = NO;
				INFOPLIST_FILE = starter/Info.plist;
				LD_RUNPATH_SEARCH_PATHS = (
					"$(inherited)",
					"@executable_path/Frameworks",
				);
				OTHER_LDFLAGS = (
					"$(inherited)",
					"-ObjC",
					"-lc++",
				);
				PRODUCT_BUNDLE_IDENTIFIER = com.starter;
				PRODUCT_NAME = starter;
				SWIFT_OPTIMIZATION_LEVEL = "-Onone";
				SWIFT_VERSION = 5.0;
				VERSIONING_SYSTEM = "apple-generic";
			};
			name = Debug;
		};
		13B07F951A680F5B00A75B9A /* Release */ = {
			isa = XCBuildConfiguration;
			baseConfigurationReference = 28CA637402499A00828C3976 /* Pods-starter-production.release.xcconfig */;
			buildSettings = {
				ASSETCATALOG_COMPILER_APPICON_NAME = AppIcon;
				CLANG_ENABLE_MODULES = YES;
				CURRENT_PROJECT_VERSION = 1;
				INFOPLIST_FILE = starter/Info.plist;
				LD_RUNPATH_SEARCH_PATHS = (
					"$(inherited)",
					"@executable_path/Frameworks",
				);
				OTHER_LDFLAGS = (
					"$(inherited)",
					"-ObjC",
					"-lc++",
				);
				PRODUCT_BUNDLE_IDENTIFIER = com.starter;
				PRODUCT_NAME = starter;
				SWIFT_VERSION = 5.0;
				VERSIONING_SYSTEM = "apple-generic";
			};
			name = Release;
		};
		3DD96446287748D400F3E21A /* Debug */ = {
			isa = XCBuildConfiguration;
			baseConfigurationReference = 1A10BB4BCF2AC0420C73445B /* Pods-starter-development.debug.xcconfig */;
			buildSettings = {
				ASSETCATALOG_COMPILER_APPICON_NAME = AppIcon;
				CLANG_ENABLE_MODULES = YES;
				CURRENT_PROJECT_VERSION = 1;
				ENABLE_BITCODE = NO;
				INFOPLIST_FILE = development/Info.plist;
				LD_RUNPATH_SEARCH_PATHS = (
					"$(inherited)",
					"@executable_path/Frameworks",
				);
				OTHER_LDFLAGS = (
					"$(inherited)",
					"-ObjC",
					"-lc++",
				);
				PRODUCT_BUNDLE_IDENTIFIER = com.starter.development;
				PRODUCT_NAME = "$(TARGET_NAME)";
				SWIFT_OPTIMIZATION_LEVEL = "-Onone";
				SWIFT_VERSION = 5.0;
				VERSIONING_SYSTEM = "apple-generic";
			};
			name = Debug;
		};
		3DD96449287748D400F3E21A /* Release */ = {
			isa = XCBuildConfiguration;
			baseConfigurationReference = 3CE429C89B627DA2C136800C /* Pods-starter-development.release.xcconfig */;
			buildSettings = {
				ASSETCATALOG_COMPILER_APPICON_NAME = AppIcon;
				CLANG_ENABLE_MODULES = YES;
				CURRENT_PROJECT_VERSION = 1;
				INFOPLIST_FILE = development/Info.plist;
				LD_RUNPATH_SEARCH_PATHS = (
					"$(inherited)",
					"@executable_path/Frameworks",
				);
				OTHER_LDFLAGS = (
					"$(inherited)",
					"-ObjC",
					"-lc++",
				);
				PRODUCT_BUNDLE_IDENTIFIER = com.starter.development;
				PRODUCT_NAME = "$(TARGET_NAME)";
				SWIFT_VERSION = 5.0;
				VERSIONING_SYSTEM = "apple-generic";
			};
			name = Release;
		};
		3DD9645E287748E600F3E21A /* Debug */ = {
			isa = XCBuildConfiguration;
			baseConfigurationReference = 59B17F1DDB9966A6CC7F585F /* Pods-starter-staging.debug.xcconfig */;
			buildSettings = {
				ASSETCATALOG_COMPILER_APPICON_NAME = AppIcon;
				CLANG_ENABLE_MODULES = YES;
				CURRENT_PROJECT_VERSION = 1;
				ENABLE_BITCODE = NO;
				INFOPLIST_FILE = staging/Info.plist;
				LD_RUNPATH_SEARCH_PATHS = (
					"$(inherited)",
					"@executable_path/Frameworks",
				);
				OTHER_LDFLAGS = (
					"$(inherited)",
					"-ObjC",
					"-lc++",
				);
				PRODUCT_BUNDLE_IDENTIFIER = com.starter.staging;
				PRODUCT_NAME = "$(TARGET_NAME)";
				SWIFT_OPTIMIZATION_LEVEL = "-Onone";
				SWIFT_VERSION = 5.0;
				VERSIONING_SYSTEM = "apple-generic";
			};
			name = Debug;
		};
		3DD96461287748E600F3E21A /* Release */ = {
			isa = XCBuildConfiguration;
			baseConfigurationReference = F472400FF389893191595B2F /* Pods-starter-staging.release.xcconfig */;
			buildSettings = {
				ASSETCATALOG_COMPILER_APPICON_NAME = AppIcon;
				CLANG_ENABLE_MODULES = YES;
				CURRENT_PROJECT_VERSION = 1;
				INFOPLIST_FILE = staging/Info.plist;
				LD_RUNPATH_SEARCH_PATHS = (
					"$(inherited)",
					"@executable_path/Frameworks",
				);
				OTHER_LDFLAGS = (
					"$(inherited)",
					"-ObjC",
					"-lc++",
				);
				PRODUCT_BUNDLE_IDENTIFIER = com.starter.staging;
				PRODUCT_NAME = "$(TARGET_NAME)";
				SWIFT_VERSION = 5.0;
				VERSIONING_SYSTEM = "apple-generic";
			};
			name = Release;
		};
		83CBBA201A601CBA00E9B192 /* Debug */ = {
			isa = XCBuildConfiguration;
			baseConfigurationReference = 3D11A0C1287A7E1C002B081D /* Config.xcconfig */;
			buildSettings = {
				ALWAYS_SEARCH_USER_PATHS = NO;
				CLANG_ANALYZER_LOCALIZABILITY_NONLOCALIZED = YES;
				CLANG_CXX_LANGUAGE_STANDARD = "c++17";
				CLANG_CXX_LIBRARY = "libc++";
				CLANG_ENABLE_MODULES = YES;
				CLANG_ENABLE_OBJC_ARC = YES;
				CLANG_WARN_BLOCK_CAPTURE_AUTORELEASING = YES;
				CLANG_WARN_BOOL_CONVERSION = YES;
				CLANG_WARN_COMMA = YES;
				CLANG_WARN_CONSTANT_CONVERSION = YES;
				CLANG_WARN_DEPRECATED_OBJC_IMPLEMENTATIONS = YES;
				CLANG_WARN_DIRECT_OBJC_ISA_USAGE = YES_ERROR;
				CLANG_WARN_EMPTY_BODY = YES;
				CLANG_WARN_ENUM_CONVERSION = YES;
				CLANG_WARN_INFINITE_RECURSION = YES;
				CLANG_WARN_INT_CONVERSION = YES;
				CLANG_WARN_NON_LITERAL_NULL_CONVERSION = YES;
				CLANG_WARN_OBJC_IMPLICIT_RETAIN_SELF = YES;
				CLANG_WARN_OBJC_LITERAL_CONVERSION = YES;
				CLANG_WARN_OBJC_ROOT_CLASS = YES_ERROR;
				CLANG_WARN_QUOTED_INCLUDE_IN_FRAMEWORK_HEADER = YES;
				CLANG_WARN_RANGE_LOOP_ANALYSIS = YES;
				CLANG_WARN_STRICT_PROTOTYPES = YES;
				CLANG_WARN_SUSPICIOUS_MOVE = YES;
				CLANG_WARN_UNREACHABLE_CODE = YES;
				CLANG_WARN__DUPLICATE_METHOD_MATCH = YES;
				"CODE_SIGN_IDENTITY[sdk=iphoneos*]" = "iPhone Developer";
				COPY_PHASE_STRIP = NO;
				ENABLE_STRICT_OBJC_MSGSEND = YES;
				ENABLE_TESTABILITY = YES;
				"EXCLUDED_ARCHS[sdk=iphonesimulator*]" = "";
				GCC_C_LANGUAGE_STANDARD = gnu99;
				GCC_DYNAMIC_NO_PIC = NO;
				GCC_NO_COMMON_BLOCKS = YES;
				GCC_OPTIMIZATION_LEVEL = 0;
				GCC_PREPROCESSOR_DEFINITIONS = (
					"DEBUG=1",
					"$(inherited)",
				);
				GCC_SYMBOLS_PRIVATE_EXTERN = NO;
				GCC_WARN_64_TO_32_BIT_CONVERSION = YES;
				GCC_WARN_ABOUT_RETURN_TYPE = YES_ERROR;
				GCC_WARN_UNDECLARED_SELECTOR = YES;
				GCC_WARN_UNINITIALIZED_AUTOS = YES_AGGRESSIVE;
				GCC_WARN_UNUSED_FUNCTION = YES;
				GCC_WARN_UNUSED_VARIABLE = YES;
				IPHONEOS_DEPLOYMENT_TARGET = 12.4;
				LD_RUNPATH_SEARCH_PATHS = (
					/usr/lib/swift,
					"$(inherited)",
				);
				LIBRARY_SEARCH_PATHS = (
					"\"$(SDKROOT)/usr/lib/swift\"",
					"\"$(TOOLCHAIN_DIR)/usr/lib/swift/$(PLATFORM_NAME)\"",
					"\"$(inherited)\"",
				);
				MTL_ENABLE_DEBUG_INFO = YES;
				ONLY_ACTIVE_ARCH = YES;
				OTHER_CPLUSPLUSFLAGS = (
					"$(OTHER_CFLAGS)",
					"-DFOLLY_NO_CONFIG",
					"-DFOLLY_MOBILE=1",
					"-DFOLLY_USE_LIBCPP=1",
				);
				REACT_NATIVE_PATH = "${PODS_ROOT}/../../node_modules/react-native";
				SDKROOT = iphoneos;
			};
			name = Debug;
		};
		83CBBA211A601CBA00E9B192 /* Release */ = {
			isa = XCBuildConfiguration;
			baseConfigurationReference = 3D11A0C1287A7E1C002B081D /* Config.xcconfig */;
			buildSettings = {
				ALWAYS_SEARCH_USER_PATHS = NO;
				CLANG_ANALYZER_LOCALIZABILITY_NONLOCALIZED = YES;
				CLANG_CXX_LANGUAGE_STANDARD = "c++17";
				CLANG_CXX_LIBRARY = "libc++";
				CLANG_ENABLE_MODULES = YES;
				CLANG_ENABLE_OBJC_ARC = YES;
				CLANG_WARN_BLOCK_CAPTURE_AUTORELEASING = YES;
				CLANG_WARN_BOOL_CONVERSION = YES;
				CLANG_WARN_COMMA = YES;
				CLANG_WARN_CONSTANT_CONVERSION = YES;
				CLANG_WARN_DEPRECATED_OBJC_IMPLEMENTATIONS = YES;
				CLANG_WARN_DIRECT_OBJC_ISA_USAGE = YES_ERROR;
				CLANG_WARN_EMPTY_BODY = YES;
				CLANG_WARN_ENUM_CONVERSION = YES;
				CLANG_WARN_INFINITE_RECURSION = YES;
				CLANG_WARN_INT_CONVERSION = YES;
				CLANG_WARN_NON_LITERAL_NULL_CONVERSION = YES;
				CLANG_WARN_OBJC_IMPLICIT_RETAIN_SELF = YES;
				CLANG_WARN_OBJC_LITERAL_CONVERSION = YES;
				CLANG_WARN_OBJC_ROOT_CLASS = YES_ERROR;
				CLANG_WARN_QUOTED_INCLUDE_IN_FRAMEWORK_HEADER = YES;
				CLANG_WARN_RANGE_LOOP_ANALYSIS = YES;
				CLANG_WARN_STRICT_PROTOTYPES = YES;
				CLANG_WARN_SUSPICIOUS_MOVE = YES;
				CLANG_WARN_UNREACHABLE_CODE = YES;
				CLANG_WARN__DUPLICATE_METHOD_MATCH = YES;
				"CODE_SIGN_IDENTITY[sdk=iphoneos*]" = "iPhone Developer";
				COPY_PHASE_STRIP = YES;
				ENABLE_NS_ASSERTIONS = NO;
				ENABLE_STRICT_OBJC_MSGSEND = YES;
				"EXCLUDED_ARCHS[sdk=iphonesimulator*]" = "";
				GCC_C_LANGUAGE_STANDARD = gnu99;
				GCC_NO_COMMON_BLOCKS = YES;
				GCC_WARN_64_TO_32_BIT_CONVERSION = YES;
				GCC_WARN_ABOUT_RETURN_TYPE = YES_ERROR;
				GCC_WARN_UNDECLARED_SELECTOR = YES;
				GCC_WARN_UNINITIALIZED_AUTOS = YES_AGGRESSIVE;
				GCC_WARN_UNUSED_FUNCTION = YES;
				GCC_WARN_UNUSED_VARIABLE = YES;
				IPHONEOS_DEPLOYMENT_TARGET = 12.4;
				LD_RUNPATH_SEARCH_PATHS = (
					/usr/lib/swift,
					"$(inherited)",
				);
				LIBRARY_SEARCH_PATHS = (
					"\"$(SDKROOT)/usr/lib/swift\"",
					"\"$(TOOLCHAIN_DIR)/usr/lib/swift/$(PLATFORM_NAME)\"",
					"\"$(inherited)\"",
				);
				MTL_ENABLE_DEBUG_INFO = NO;
				OTHER_CPLUSPLUSFLAGS = (
					"$(OTHER_CFLAGS)",
					"-DFOLLY_NO_CONFIG",
					"-DFOLLY_MOBILE=1",
					"-DFOLLY_USE_LIBCPP=1",
				);
				REACT_NATIVE_PATH = "${PODS_ROOT}/../../node_modules/react-native";
				SDKROOT = iphoneos;
				VALIDATE_PRODUCT = YES;
			};
			name = Release;
		};
/* End XCBuildConfiguration section */

/* Begin XCConfigurationList section */
		13B07F931A680F5B00A75B9A /* Build configuration list for PBXNativeTarget "production" */ = {
			isa = XCConfigurationList;
			buildConfigurations = (
				13B07F941A680F5B00A75B9A /* Debug */,
				13B07F951A680F5B00A75B9A /* Release */,
			);
			defaultConfigurationIsVisible = 0;
			defaultConfigurationName = Release;
		};
		3DD96445287748D400F3E21A /* Build configuration list for PBXNativeTarget "development" */ = {
			isa = XCConfigurationList;
			buildConfigurations = (
				3DD96446287748D400F3E21A /* Debug */,
				3DD96449287748D400F3E21A /* Release */,
			);
			defaultConfigurationIsVisible = 0;
			defaultConfigurationName = Release;
		};
		3DD9645D287748E600F3E21A /* Build configuration list for PBXNativeTarget "staging" */ = {
			isa = XCConfigurationList;
			buildConfigurations = (
				3DD9645E287748E600F3E21A /* Debug */,
				3DD96461287748E600F3E21A /* Release */,
			);
			defaultConfigurationIsVisible = 0;
			defaultConfigurationName = Release;
		};
		83CBB9FA1A601CBA00E9B192 /* Build configuration list for PBXProject "starter" */ = {
			isa = XCConfigurationList;
			buildConfigurations = (
				83CBBA201A601CBA00E9B192 /* Debug */,
				83CBBA211A601CBA00E9B192 /* Release */,
			);
			defaultConfigurationIsVisible = 0;
			defaultConfigurationName = Release;
		};
/* End XCConfigurationList section */
	};
	rootObject = 83CBB9F71A601CBA00E9B192 /* Project object */;
}
